// !$*UTF8*$!
{
	archiveVersion = 1;
	classes = {
	};
	objectVersion = 77;
	objects = {

/* Begin PBXContainerItemProxy section */
		FB680C422D97A447001ACECF /* PBXContainerItemProxy */ = {
			isa = PBXContainerItemProxy;
			containerPortal = FB680C292D97A445001ACECF /* Project object */;
			proxyType = 1;
			remoteGlobalIDString = FB680C302D97A445001ACECF;
			remoteInfo = HorizonRequest;
		};
		FB680C4C2D97A447001ACECF /* PBXContainerItemProxy */ = {
			isa = PBXContainerItemProxy;
			containerPortal = FB680C292D97A445001ACECF /* Project object */;
			proxyType = 1;
			remoteGlobalIDString = FB680C302D97A445001ACECF;
			remoteInfo = HorizonRequest;
		};
/* End PBXContainerItemProxy section */

/* Begin PBXFileReference section */
		FB680C312D97A445001ACECF /* HorizonRequest.app */ = {isa = PBXFileReference; explicitFileType = wrapper.application; includeInIndex = 0; path = HorizonRequest.app; sourceTree = BUILT_PRODUCTS_DIR; };
		FB680C412D97A447001ACECF /* HorizonRequestTests.xctest */ = {isa = PBXFileReference; explicitFileType = wrapper.cfbundle; includeInIndex = 0; path = HorizonRequestTests.xctest; sourceTree = BUILT_PRODUCTS_DIR; };
		FB680C4B2D97A447001ACECF /* HorizonRequestUITests.xctest */ = {isa = PBXFileReference; explicitFileType = wrapper.cfbundle; includeInIndex = 0; path = HorizonRequestUITests.xctest; sourceTree = BUILT_PRODUCTS_DIR; };
/* End PBXFileReference section */

/* Begin PBXFileSystemSynchronizedRootGroup section */
		FB680C332D97A445001ACECF /* HorizonRequest */ = {
			isa = PBXFileSystemSynchronizedRootGroup;
			path = HorizonRequest;
			sourceTree = "<group>";
		};
		FB680C442D97A447001ACECF /* HorizonRequestTests */ = {
			isa = PBXFileSystemSynchronizedRootGroup;
			path = HorizonRequestTests;
			sourceTree = "<group>";
		};
		FB680C4E2D97A447001ACECF /* HorizonRequestUITests */ = {
			isa = PBXFileSystemSynchronizedRootGroup;
			path = HorizonRequestUITests;
			sourceTree = "<group>";
		};
		FB680C5E2D97A46A001ACECF /* View */ = {
			isa = PBXFileSystemSynchronizedRootGroup;
			path = View;
			sourceTree = "<group>";
		};
		FB680C602D97A481001ACECF /* ViewModel */ = {
			isa = PBXFileSystemSynchronizedRootGroup;
			path = ViewModel;
			sourceTree = "<group>";
		};
		FB680C612D97A493001ACECF /* Model */ = {
			isa = PBXFileSystemSynchronizedRootGroup;
			path = Model;
			sourceTree = "<group>";
		};
/* End PBXFileSystemSynchronizedRootGroup section */

/* Begin PBXFrameworksBuildPhase section */
		FB680C2E2D97A445001ACECF /* Frameworks */ = {
			isa = PBXFrameworksBuildPhase;
			buildActionMask = 2147483647;
			files = (
			);
			runOnlyForDeploymentPostprocessing = 0;
		};
		FB680C3E2D97A447001ACECF /* Frameworks */ = {
			isa = PBXFrameworksBuildPhase;
			buildActionMask = 2147483647;
			files = (
			);
			runOnlyForDeploymentPostprocessing = 0;
		};
		FB680C482D97A447001ACECF /* Frameworks */ = {
			isa = PBXFrameworksBuildPhase;
			buildActionMask = 2147483647;
			files = (
			);
			runOnlyForDeploymentPostprocessing = 0;
		};
/* End PBXFrameworksBuildPhase section */

/* Begin PBXGroup section */
		FB680C282D97A445001ACECF = {
			isa = PBXGroup;
			children = (
				FB680C612D97A493001ACECF /* Model */,
				FB680C602D97A481001ACECF /* ViewModel */,
				FB680C5E2D97A46A001ACECF /* View */,
				FB680C332D97A445001ACECF /* HorizonRequest */,
				FB680C442D97A447001ACECF /* HorizonRequestTests */,
				FB680C4E2D97A447001ACECF /* HorizonRequestUITests */,
				FB680C322D97A445001ACECF /* Products */,
			);
			sourceTree = "<group>";
		};
		FB680C322D97A445001ACECF /* Products */ = {
			isa = PBXGroup;
			children = (
				FB680C312D97A445001ACECF /* HorizonRequest.app */,
				FB680C412D97A447001ACECF /* HorizonRequestTests.xctest */,
				FB680C4B2D97A447001ACECF /* HorizonRequestUITests.xctest */,
			);
			name = Products;
			sourceTree = "<group>";
		};
/* End PBXGroup section */

/* Begin PBXNativeTarget section */
		FB680C302D97A445001ACECF /* HorizonRequest */ = {
			isa = PBXNativeTarget;
			buildConfigurationList = FB680C552D97A447001ACECF /* Build configuration list for PBXNativeTarget "HorizonRequest" */;
			buildPhases = (
				FB680C2D2D97A445001ACECF /* Sources */,
				FB680C2E2D97A445001ACECF /* Frameworks */,
				FB680C2F2D97A445001ACECF /* Resources */,
			);
			buildRules = (
			);
			dependencies = (
			);
			fileSystemSynchronizedGroups = (
				FB680C332D97A445001ACECF /* HorizonRequest */,
				FB680C5E2D97A46A001ACECF /* View */,
				FB680C602D97A481001ACECF /* ViewModel */,
				FB680C612D97A493001ACECF /* Model */,
			);
			name = HorizonRequest;
			packageProductDependencies = (
			);
			productName = HorizonRequest;
			productReference = FB680C312D97A445001ACECF /* HorizonRequest.app */;
			productType = "com.apple.product-type.application";
		};
		FB680C402D97A447001ACECF /* HorizonRequestTests */ = {
			isa = PBXNativeTarget;
			buildConfigurationList = FB680C582D97A447001ACECF /* Build configuration list for PBXNativeTarget "HorizonRequestTests" */;
			buildPhases = (
				FB680C3D2D97A447001ACECF /* Sources */,
				FB680C3E2D97A447001ACECF /* Frameworks */,
				FB680C3F2D97A447001ACECF /* Resources */,
			);
			buildRules = (
			);
			dependencies = (
				FB680C432D97A447001ACECF /* PBXTargetDependency */,
			);
			fileSystemSynchronizedGroups = (
				FB680C442D97A447001ACECF /* HorizonRequestTests */,
			);
			name = HorizonRequestTests;
			packageProductDependencies = (
			);
			productName = HorizonRequestTests;
			productReference = FB680C412D97A447001ACECF /* HorizonRequestTests.xctest */;
			productType = "com.apple.product-type.bundle.unit-test";
		};
		FB680C4A2D97A447001ACECF /* HorizonRequestUITests */ = {
			isa = PBXNativeTarget;
			buildConfigurationList = FB680C5B2D97A447001ACECF /* Build configuration list for PBXNativeTarget "HorizonRequestUITests" */;
			buildPhases = (
				FB680C472D97A447001ACECF /* Sources */,
				FB680C482D97A447001ACECF /* Frameworks */,
				FB680C492D97A447001ACECF /* Resources */,
			);
			buildRules = (
			);
			dependencies = (
				FB680C4D2D97A447001ACECF /* PBXTargetDependency */,
			);
			fileSystemSynchronizedGroups = (
				FB680C4E2D97A447001ACECF /* HorizonRequestUITests */,
			);
			name = HorizonRequestUITests;
			packageProductDependencies = (
			);
			productName = HorizonRequestUITests;
			productReference = FB680C4B2D97A447001ACECF /* HorizonRequestUITests.xctest */;
			productType = "com.apple.product-type.bundle.ui-testing";
		};
/* End PBXNativeTarget section */

/* Begin PBXProject section */
		FB680C292D97A445001ACECF /* Project object */ = {
			isa = PBXProject;
			attributes = {
				BuildIndependentTargetsInParallel = 1;
				LastSwiftUpdateCheck = 1620;
				LastUpgradeCheck = 1620;
				TargetAttributes = {
					FB680C302D97A445001ACECF = {
						CreatedOnToolsVersion = 16.2;
					};
					FB680C402D97A447001ACECF = {
						CreatedOnToolsVersion = 16.2;
						TestTargetID = FB680C302D97A445001ACECF;
					};
					FB680C4A2D97A447001ACECF = {
						CreatedOnToolsVersion = 16.2;
						TestTargetID = FB680C302D97A445001ACECF;
					};
				};
			};
			buildConfigurationList = FB680C2C2D97A445001ACECF /* Build configuration list for PBXProject "HorizonRequest" */;
			developmentRegion = en;
			hasScannedForEncodings = 0;
			knownRegions = (
				en,
				Base,
			);
			mainGroup = FB680C282D97A445001ACECF;
			minimizedProjectReferenceProxies = 1;
			preferredProjectObjectVersion = 77;
			productRefGroup = FB680C322D97A445001ACECF /* Products */;
			projectDirPath = "";
			projectRoot = "";
			targets = (
				FB680C302D97A445001ACECF /* HorizonRequest */,
				FB680C402D97A447001ACECF /* HorizonRequestTests */,
				FB680C4A2D97A447001ACECF /* HorizonRequestUITests */,
			);
		};
/* End PBXProject section */

/* Begin PBXResourcesBuildPhase section */
		FB680C2F2D97A445001ACECF /* Resources */ = {
			isa = PBXResourcesBuildPhase;
			buildActionMask = 2147483647;
			files = (
			);
			runOnlyForDeploymentPostprocessing = 0;
		};
		FB680C3F2D97A447001ACECF /* Resources */ = {
			isa = PBXResourcesBuildPhase;
			buildActionMask = 2147483647;
			files = (
			);
			runOnlyForDeploymentPostprocessing = 0;
		};
		FB680C492D97A447001ACECF /* Resources */ = {
			isa = PBXResourcesBuildPhase;
			buildActionMask = 2147483647;
			files = (
			);
			runOnlyForDeploymentPostprocessing = 0;
		};
/* End PBXResourcesBuildPhase section */

/* Begin PBXSourcesBuildPhase section */
		FB680C2D2D97A445001ACECF /* Sources */ = {
			isa = PBXSourcesBuildPhase;
			buildActionMask = 2147483647;
			files = (
			);
			runOnlyForDeploymentPostprocessing = 0;
		};
		FB680C3D2D97A447001ACECF /* Sources */ = {
			isa = PBXSourcesBuildPhase;
			buildActionMask = 2147483647;
			files = (
			);
			runOnlyForDeploymentPostprocessing = 0;
		};
		FB680C472D97A447001ACECF /* Sources */ = {
			isa = PBXSourcesBuildPhase;
			buildActionMask = 2147483647;
			files = (
			);
			runOnlyForDeploymentPostprocessing = 0;
		};
/* End PBXSourcesBuildPhase section */

/* Begin PBXTargetDependency section */
		FB680C432D97A447001ACECF /* PBXTargetDependency */ = {
			isa = PBXTargetDependency;
			target = FB680C302D97A445001ACECF /* HorizonRequest */;
			targetProxy = FB680C422D97A447001ACECF /* PBXContainerItemProxy */;
		};
		FB680C4D2D97A447001ACECF /* PBXTargetDependency */ = {
			isa = PBXTargetDependency;
			target = FB680C302D97A445001ACECF /* HorizonRequest */;
			targetProxy = FB680C4C2D97A447001ACECF /* PBXContainerItemProxy */;
		};
/* End PBXTargetDependency section */

/* Begin XCBuildConfiguration section */
		FB680C532D97A447001ACECF /* Debug */ = {
			isa = XCBuildConfiguration;
			buildSettings = {
				ALWAYS_SEARCH_USER_PATHS = NO;
				ASSETCATALOG_COMPILER_GENERATE_SWIFT_ASSET_SYMBOL_EXTENSIONS = YES;
				CLANG_ANALYZER_NONNULL = YES;
				CLANG_ANALYZER_NUMBER_OBJECT_CONVERSION = YES_AGGRESSIVE;
				CLANG_CXX_LANGUAGE_STANDARD = "gnu++20";
				CLANG_ENABLE_MODULES = YES;
				CLANG_ENABLE_OBJC_ARC = YES;
				CLANG_ENABLE_OBJC_WEAK = YES;
				CLANG_WARN_BLOCK_CAPTURE_AUTORELEASING = YES;
				CLANG_WARN_BOOL_CONVERSION = YES;
				CLANG_WARN_COMMA = YES;
				CLANG_WARN_CONSTANT_CONVERSION = YES;
				CLANG_WARN_DEPRECATED_OBJC_IMPLEMENTATIONS = YES;
				CLANG_WARN_DIRECT_OBJC_ISA_USAGE = YES_ERROR;
				CLANG_WARN_DOCUMENTATION_COMMENTS = YES;
				CLANG_WARN_EMPTY_BODY = YES;
				CLANG_WARN_ENUM_CONVERSION = YES;
				CLANG_WARN_INFINITE_RECURSION = YES;
				CLANG_WARN_INT_CONVERSION = YES;
				CLANG_WARN_NON_LITERAL_NULL_CONVERSION = YES;
				CLANG_WARN_OBJC_IMPLICIT_RETAIN_SELF = YES;
				CLANG_WARN_OBJC_LITERAL_CONVERSION = YES;
				CLANG_WARN_OBJC_ROOT_CLASS = YES_ERROR;
				CLANG_WARN_QUOTED_INCLUDE_IN_FRAMEWORK_HEADER = YES;
				CLANG_WARN_RANGE_LOOP_ANALYSIS = YES;
				CLANG_WARN_STRICT_PROTOTYPES = YES;
				CLANG_WARN_SUSPICIOUS_MOVE = YES;
				CLANG_WARN_UNGUARDED_AVAILABILITY = YES_AGGRESSIVE;
				CLANG_WARN_UNREACHABLE_CODE = YES;
				CLANG_WARN__DUPLICATE_METHOD_MATCH = YES;
				COPY_PHASE_STRIP = NO;
				DEBUG_INFORMATION_FORMAT = dwarf;
				ENABLE_STRICT_OBJC_MSGSEND = YES;
				ENABLE_TESTABILITY = YES;
				ENABLE_USER_SCRIPT_SANDBOXING = YES;
				GCC_C_LANGUAGE_STANDARD = gnu17;
				GCC_DYNAMIC_NO_PIC = NO;
				GCC_NO_COMMON_BLOCKS = YES;
				GCC_OPTIMIZATION_LEVEL = 0;
				GCC_PREPROCESSOR_DEFINITIONS = (
					"DEBUG=1",
					"$(inherited)",
				);
				GCC_WARN_64_TO_32_BIT_CONVERSION = YES;
				GCC_WARN_ABOUT_RETURN_TYPE = YES_ERROR;
				GCC_WARN_UNDECLARED_SELECTOR = YES;
				GCC_WARN_UNINITIALIZED_AUTOS = YES_AGGRESSIVE;
				GCC_WARN_UNUSED_FUNCTION = YES;
				GCC_WARN_UNUSED_VARIABLE = YES;
				IPHONEOS_DEPLOYMENT_TARGET = 18.2;
				LOCALIZATION_PREFERS_STRING_CATALOGS = YES;
				MTL_ENABLE_DEBUG_INFO = INCLUDE_SOURCE;
				MTL_FAST_MATH = YES;
				ONLY_ACTIVE_ARCH = YES;
				SDKROOT = iphoneos;
				SWIFT_ACTIVE_COMPILATION_CONDITIONS = "DEBUG $(inherited)";
				SWIFT_OPTIMIZATION_LEVEL = "-Onone";
			};
			name = Debug;
		};
		FB680C542D97A447001ACECF /* Release */ = {
			isa = XCBuildConfiguration;
			buildSettings = {
				ALWAYS_SEARCH_USER_PATHS = NO;
				ASSETCATALOG_COMPILER_GENERATE_SWIFT_ASSET_SYMBOL_EXTENSIONS = YES;
				CLANG_ANALYZER_NONNULL = YES;
				CLANG_ANALYZER_NUMBER_OBJECT_CONVERSION = YES_AGGRESSIVE;
				CLANG_CXX_LANGUAGE_STANDARD = "gnu++20";
				CLANG_ENABLE_MODULES = YES;
				CLANG_ENABLE_OBJC_ARC = YES;
				CLANG_ENABLE_OBJC_WEAK = YES;
				CLANG_WARN_BLOCK_CAPTURE_AUTORELEASING = YES;
				CLANG_WARN_BOOL_CONVERSION = YES;
				CLANG_WARN_COMMA = YES;
				CLANG_WARN_CONSTANT_CONVERSION = YES;
				CLANG_WARN_DEPRECATED_OBJC_IMPLEMENTATIONS = YES;
				CLANG_WARN_DIRECT_OBJC_ISA_USAGE = YES_ERROR;
				CLANG_WARN_DOCUMENTATION_COMMENTS = YES;
				CLANG_WARN_EMPTY_BODY = YES;
				CLANG_WARN_ENUM_CONVERSION = YES;
				CLANG_WARN_INFINITE_RECURSION = YES;
				CLANG_WARN_INT_CONVERSION = YES;
				CLANG_WARN_NON_LITERAL_NULL_CONVERSION = YES;
				CLANG_WARN_OBJC_IMPLICIT_RETAIN_SELF = YES;
				CLANG_WARN_OBJC_LITERAL_CONVERSION = YES;
				CLANG_WARN_OBJC_ROOT_CLASS = YES_ERROR;
				CLANG_WARN_QUOTED_INCLUDE_IN_FRAMEWORK_HEADER = YES;
				CLANG_WARN_RANGE_LOOP_ANALYSIS = YES;
				CLANG_WARN_STRICT_PROTOTYPES = YES;
				CLANG_WARN_SUSPICIOUS_MOVE = YES;
				CLANG_WARN_UNGUARDED_AVAILABILITY = YES_AGGRESSIVE;
				CLANG_WARN_UNREACHABLE_CODE = YES;
				CLANG_WARN__DUPLICATE_METHOD_MATCH = YES;
				COPY_PHASE_STRIP = NO;
				DEBUG_INFORMATION_FORMAT = "dwarf-with-dsym";
				ENABLE_NS_ASSERTIONS = NO;
				ENABLE_STRICT_OBJC_MSGSEND = YES;
				ENABLE_USER_SCRIPT_SANDBOXING = YES;
				GCC_C_LANGUAGE_STANDARD = gnu17;
				GCC_NO_COMMON_BLOCKS = YES;
				GCC_WARN_64_TO_32_BIT_CONVERSION = YES;
				GCC_WARN_ABOUT_RETURN_TYPE = YES_ERROR;
				GCC_WARN_UNDECLARED_SELECTOR = YES;
				GCC_WARN_UNINITIALIZED_AUTOS = YES_AGGRESSIVE;
				GCC_WARN_UNUSED_FUNCTION = YES;
				GCC_WARN_UNUSED_VARIABLE = YES;
				IPHONEOS_DEPLOYMENT_TARGET = 18.2;
				LOCALIZATION_PREFERS_STRING_CATALOGS = YES;
				MTL_ENABLE_DEBUG_INFO = NO;
				MTL_FAST_MATH = YES;
				SDKROOT = iphoneos;
				SWIFT_COMPILATION_MODE = wholemodule;
				VALIDATE_PRODUCT = YES;
			};
			name = Release;
		};
		FB680C562D97A447001ACECF /* Debug */ = {
			isa = XCBuildConfiguration;
			buildSettings = {
				ASSETCATALOG_COMPILER_APPICON_NAME = AppIcon;
				ASSETCATALOG_COMPILER_GLOBAL_ACCENT_COLOR_NAME = AccentColor;
				CODE_SIGN_STYLE = Automatic;
				CURRENT_PROJECT_VERSION = 1;
				DEVELOPMENT_ASSET_PATHS = "\"HorizonRequest/Preview Content\"";
				ENABLE_PREVIEWS = YES;
				GENERATE_INFOPLIST_FILE = YES;
				INFOPLIST_KEY_UIApplicationSceneManifest_Generation = YES;
				INFOPLIST_KEY_UIApplicationSupportsIndirectInputEvents = YES;
				INFOPLIST_KEY_UILaunchScreen_Generation = YES;
				INFOPLIST_KEY_UISupportedInterfaceOrientations_iPad = "UIInterfaceOrientationPortrait UIInterfaceOrientationPortraitUpsideDown UIInterfaceOrientationLandscapeLeft UIInterfaceOrientationLandscapeRight";
				INFOPLIST_KEY_UISupportedInterfaceOrientations_iPhone = "UIInterfaceOrientationPortrait UIInterfaceOrientationLandscapeLeft UIInterfaceOrientationLandscapeRight";
				LD_RUNPATH_SEARCH_PATHS = (
					"$(inherited)",
					"@executable_path/Frameworks",
				);
				MARKETING_VERSION = 1.0;
				PRODUCT_BUNDLE_IDENTIFIER = mij.com.HorizonRequest;
				PRODUCT_NAME = "$(TARGET_NAME)";
				SWIFT_EMIT_LOC_STRINGS = YES;
				SWIFT_VERSION = 5.0;
				TARGETED_DEVICE_FAMILY = "1,2";
			};
			name = Debug;
		};
		FB680C572D97A447001ACECF /* Release */ = {
			isa = XCBuildConfiguration;
			buildSettings = {
				ASSETCATALOG_COMPILER_APPICON_NAME = AppIcon;
				ASSETCATALOG_COMPILER_GLOBAL_ACCENT_COLOR_NAME = AccentColor;
				CODE_SIGN_STYLE = Automatic;
				CURRENT_PROJECT_VERSION = 1;
				DEVELOPMENT_ASSET_PATHS = "\"HorizonRequest/Preview Content\"";
				ENABLE_PREVIEWS = YES;
				GENERATE_INFOPLIST_FILE = YES;
				INFOPLIST_KEY_UIApplicationSceneManifest_Generation = YES;
				INFOPLIST_KEY_UIApplicationSupportsIndirectInputEvents = YES;
				INFOPLIST_KEY_UILaunchScreen_Generation = YES;
				INFOPLIST_KEY_UISupportedInterfaceOrientations_iPad = "UIInterfaceOrientationPortrait UIInterfaceOrientationPortraitUpsideDown UIInterfaceOrientationLandscapeLeft UIInterfaceOrientationLandscapeRight";
				INFOPLIST_KEY_UISupportedInterfaceOrientations_iPhone = "UIInterfaceOrientationPortrait UIInterfaceOrientationLandscapeLeft UIInterfaceOrientationLandscapeRight";
				LD_RUNPATH_SEARCH_PATHS = (
					"$(inherited)",
					"@executable_path/Frameworks",
				);
				MARKETING_VERSION = 1.0;
				PRODUCT_BUNDLE_IDENTIFIER = mij.com.HorizonRequest;
				PRODUCT_NAME = "$(TARGET_NAME)";
				SWIFT_EMIT_LOC_STRINGS = YES;
				SWIFT_VERSION = 5.0;
				TARGETED_DEVICE_FAMILY = "1,2";
			};
			name = Release;
		};
		FB680C592D97A447001ACECF /* Debug */ = {
			isa = XCBuildConfiguration;
			buildSettings = {
				BUNDLE_LOADER = "$(TEST_HOST)";
				CODE_SIGN_STYLE = Automatic;
				CURRENT_PROJECT_VERSION = 1;
				GENERATE_INFOPLIST_FILE = YES;
				IPHONEOS_DEPLOYMENT_TARGET = 18.2;
				MARKETING_VERSION = 1.0;
				PRODUCT_BUNDLE_IDENTIFIER = mij.com.HorizonRequestTests;
				PRODUCT_NAME = "$(TARGET_NAME)";
				SWIFT_EMIT_LOC_STRINGS = NO;
				SWIFT_VERSION = 5.0;
				TARGETED_DEVICE_FAMILY = "1,2";
				TEST_HOST = "$(BUILT_PRODUCTS_DIR)/HorizonRequest.app/$(BUNDLE_EXECUTABLE_FOLDER_PATH)/HorizonRequest";
			};
			name = Debug;
		};
		FB680C5A2D97A447001ACECF /* Release */ = {
			isa = XCBuildConfiguration;
			buildSettings = {
				BUNDLE_LOADER = "$(TEST_HOST)";
				CODE_SIGN_STYLE = Automatic;
				CURRENT_PROJECT_VERSION = 1;
				GENERATE_INFOPLIST_FILE = YES;
				IPHONEOS_DEPLOYMENT_TARGET = 18.2;
				MARKETING_VERSION = 1.0;
				PRODUCT_BUNDLE_IDENTIFIER = mij.com.HorizonRequestTests;
				PRODUCT_NAME = "$(TARGET_NAME)";
				SWIFT_EMIT_LOC_STRINGS = NO;
				SWIFT_VERSION = 5.0;
				TARGETED_DEVICE_FAMILY = "1,2";
				TEST_HOST = "$(BUILT_PRODUCTS_DIR)/HorizonRequest.app/$(BUNDLE_EXECUTABLE_FOLDER_PATH)/HorizonRequest";
			};
			name = Release;
		};
		FB680C5C2D97A447001ACECF /* Debug */ = {
			isa = XCBuildConfiguration;
			buildSettings = {
				CODE_SIGN_STYLE = Automatic;
				CURRENT_PROJECT_VERSION = 1;
				GENERATE_INFOPLIST_FILE = YES;
				MARKETING_VERSION = 1.0;
				PRODUCT_BUNDLE_IDENTIFIER = mij.com.HorizonRequestUITests;
				PRODUCT_NAME = "$(TARGET_NAME)";
				SWIFT_EMIT_LOC_STRINGS = NO;
				SWIFT_VERSION = 5.0;
				TARGETED_DEVICE_FAMILY = "1,2";
				TEST_TARGET_NAME = HorizonRequest;
			};
			name = Debug;
		};
		FB680C5D2D97A447001ACECF /* Release */ = {
			isa = XCBuildConfiguration;
			buildSettings = {
				CODE_SIGN_STYLE = Automatic;
				CURRENT_PROJECT_VERSION = 1;
				GENERATE_INFOPLIST_FILE = YES;
				MARKETING_VERSION = 1.0;
				PRODUCT_BUNDLE_IDENTIFIER = mij.com.HorizonRequestUITests;
				PRODUCT_NAME = "$(TARGET_NAME)";
				SWIFT_EMIT_LOC_STRINGS = NO;
				SWIFT_VERSION = 5.0;
				TARGETED_DEVICE_FAMILY = "1,2";
				TEST_TARGET_NAME = HorizonRequest;
			};
			name = Release;
		};
/* End XCBuildConfiguration section */

/* Begin XCConfigurationList section */
		FB680C2C2D97A445001ACECF /* Build configuration list for PBXProject "HorizonRequest" */ = {
			isa = XCConfigurationList;
			buildConfigurations = (
				FB680C532D97A447001ACECF /* Debug */,
				FB680C542D97A447001ACECF /* Release */,
			);
			defaultConfigurationIsVisible = 0;
			defaultConfigurationName = Release;
		};
		FB680C552D97A447001ACECF /* Build configuration list for PBXNativeTarget "HorizonRequest" */ = {
			isa = XCConfigurationList;
			buildConfigurations = (
				FB680C562D97A447001ACECF /* Debug */,
				FB680C572D97A447001ACECF /* Release */,
			);
			defaultConfigurationIsVisible = 0;
			defaultConfigurationName = Release;
		};
		FB680C582D97A447001ACECF /* Build configuration list for PBXNativeTarget "HorizonRequestTests" */ = {
			isa = XCConfigurationList;
			buildConfigurations = (
				FB680C592D97A447001ACECF /* Debug */,
				FB680C5A2D97A447001ACECF /* Release */,
			);
			defaultConfigurationIsVisible = 0;
			defaultConfigurationName = Release;
		};
		FB680C5B2D97A447001ACECF /* Build configuration list for PBXNativeTarget "HorizonRequestUITests" */ = {
			isa = XCConfigurationList;
			buildConfigurations = (
				FB680C5C2D97A447001ACECF /* Debug */,
				FB680C5D2D97A447001ACECF /* Release */,
			);
			defaultConfigurationIsVisible = 0;
			defaultConfigurationName = Release;
		};
/* End XCConfigurationList section */
	};
	rootObject = FB680C292D97A445001ACECF /* Project object */;
}
